// !$*UTF8*$!
{
	archiveVersion = 1;
	classes = {
	};
	objectVersion = 56;
	objects = {

/* Begin PBXBuildFile section */
		1E2F8F7E2A21CBA100FAFC38 /* EditView.swift in Sources */ = {isa = PBXBuildFile; fileRef = 1E2F8F7D2A21CBA100FAFC38 /* EditView.swift */; };
		1E2F8F872A21D11600FAFC38 /* PrivacyView.swift in Sources */ = {isa = PBXBuildFile; fileRef = 1E2F8F862A21D11600FAFC38 /* PrivacyView.swift */; };
		1E62C6EA2A1B5F56003C9C5B /* SportRecordApp.swift in Sources */ = {isa = PBXBuildFile; fileRef = 1E62C6E92A1B5F56003C9C5B /* SportRecordApp.swift */; };
		1E62C6EC2A1B5F56003C9C5B /* ContentView.swift in Sources */ = {isa = PBXBuildFile; fileRef = 1E62C6EB2A1B5F56003C9C5B /* ContentView.swift */; };
		1E62C6EE2A1B5F58003C9C5B /* Assets.xcassets in Resources */ = {isa = PBXBuildFile; fileRef = 1E62C6ED2A1B5F58003C9C5B /* Assets.xcassets */; };
		1E62C6F12A1B5F58003C9C5B /* Preview Assets.xcassets in Resources */ = {isa = PBXBuildFile; fileRef = 1E62C6F02A1B5F58003C9C5B /* Preview Assets.xcassets */; };
		1E62C6F92A1B613B003C9C5B /* RecordView.swift in Sources */ = {isa = PBXBuildFile; fileRef = 1E62C6F82A1B613B003C9C5B /* RecordView.swift */; };
		1E62C6FB2A1B63EB003C9C5B /* UserSettings.swift in Sources */ = {isa = PBXBuildFile; fileRef = 1E62C6FA2A1B63EB003C9C5B /* UserSettings.swift */; };
		1E62C6FF2A1B65A0003C9C5B /* LoginView.swift in Sources */ = {isa = PBXBuildFile; fileRef = 1E62C6FE2A1B65A0003C9C5B /* LoginView.swift */; };
		1E62C7022A1B6772003C9C5B /* Modifier.swift in Sources */ = {isa = PBXBuildFile; fileRef = 1E62C7012A1B6772003C9C5B /* Modifier.swift */; };
		1E62C7042A1B677B003C9C5B /* Style.swift in Sources */ = {isa = PBXBuildFile; fileRef = 1E62C7032A1B677B003C9C5B /* Style.swift */; };
		1E62C7062A1B6CD9003C9C5B /* RegisterView.swift in Sources */ = {isa = PBXBuildFile; fileRef = 1E62C7052A1B6CD9003C9C5B /* RegisterView.swift */; };
		1E62C70A2A1C63B2003C9C5B /* DBService.swift in Sources */ = {isa = PBXBuildFile; fileRef = 1E62C7092A1C63B2003C9C5B /* DBService.swift */; };
		1E62C7242A1C66E9003C9C5B /* SQLite.framework in Frameworks */ = {isa = PBXBuildFile; fileRef = 1E62C7162A1C66C7003C9C5B /* SQLite.framework */; };
		1E62C7252A1C66E9003C9C5B /* SQLite.framework in Embed Frameworks */ = {isa = PBXBuildFile; fileRef = 1E62C7162A1C66C7003C9C5B /* SQLite.framework */; settings = {ATTRIBUTES = (CodeSignOnCopy, RemoveHeadersOnCopy, ); }; };
		1E62C7282A1D2D2A003C9C5B /* Modal.swift in Sources */ = {isa = PBXBuildFile; fileRef = 1E62C7272A1D2D2A003C9C5B /* Modal.swift */; };
		1E62C72A2A1DF9FE003C9C5B /* StatsView.swift in Sources */ = {isa = PBXBuildFile; fileRef = 1E62C7292A1DF9FE003C9C5B /* StatsView.swift */; };
		1E62C72C2A1E7691003C9C5B /* RecordDetailView.swift in Sources */ = {isa = PBXBuildFile; fileRef = 1E62C72B2A1E7691003C9C5B /* RecordDetailView.swift */; };
		1E62C72E2A1E7A43003C9C5B /* AccountView.swift in Sources */ = {isa = PBXBuildFile; fileRef = 1E62C72D2A1E7A43003C9C5B /* AccountView.swift */; };
/* End PBXBuildFile section */

/* Begin PBXContainerItemProxy section */
		1E62C7152A1C66C7003C9C5B /* PBXContainerItemProxy */ = {
			isa = PBXContainerItemProxy;
			containerPortal = 1E62C70B2A1C66C7003C9C5B /* SQLite.xcodeproj */;
			proxyType = 2;
			remoteGlobalIDString = EE247AD31C3F04ED00AE3E12;
			remoteInfo = "SQLite iOS";
		};
		1E62C7172A1C66C7003C9C5B /* PBXContainerItemProxy */ = {
			isa = PBXContainerItemProxy;
			containerPortal = 1E62C70B2A1C66C7003C9C5B /* SQLite.xcodeproj */;
			proxyType = 2;
			remoteGlobalIDString = EE247ADD1C3F04ED00AE3E12;
			remoteInfo = "SQLiteTests iOS";
		};
		1E62C7192A1C66C7003C9C5B /* PBXContainerItemProxy */ = {
			isa = PBXContainerItemProxy;
			containerPortal = 1E62C70B2A1C66C7003C9C5B /* SQLite.xcodeproj */;
			proxyType = 2;
			remoteGlobalIDString = EE247B3C1C3F3ED000AE3E12;
			remoteInfo = "SQLite Mac";
		};
		1E62C71B2A1C66C7003C9C5B /* PBXContainerItemProxy */ = {
			isa = PBXContainerItemProxy;
			containerPortal = 1E62C70B2A1C66C7003C9C5B /* SQLite.xcodeproj */;
			proxyType = 2;
			remoteGlobalIDString = EE247B451C3F3ED000AE3E12;
			remoteInfo = "SQLiteTests Mac";
		};
		1E62C71D2A1C66C7003C9C5B /* PBXContainerItemProxy */ = {
			isa = PBXContainerItemProxy;
			containerPortal = 1E62C70B2A1C66C7003C9C5B /* SQLite.xcodeproj */;
			proxyType = 2;
			remoteGlobalIDString = 03A65E5A1C6BB0F50062603F;
			remoteInfo = "SQLite tvOS";
		};
		1E62C71F2A1C66C7003C9C5B /* PBXContainerItemProxy */ = {
			isa = PBXContainerItemProxy;
			containerPortal = 1E62C70B2A1C66C7003C9C5B /* SQLite.xcodeproj */;
			proxyType = 2;
			remoteGlobalIDString = 03A65E631C6BB0F60062603F;
			remoteInfo = "SQLiteTests tvOS";
		};
		1E62C7212A1C66C7003C9C5B /* PBXContainerItemProxy */ = {
			isa = PBXContainerItemProxy;
			containerPortal = 1E62C70B2A1C66C7003C9C5B /* SQLite.xcodeproj */;
			proxyType = 2;
			remoteGlobalIDString = A121AC451CA35C79005A31D1;
			remoteInfo = "SQLite watchOS";
		};
/* End PBXContainerItemProxy section */

/* Begin PBXCopyFilesBuildPhase section */
		1E62C7262A1C66E9003C9C5B /* Embed Frameworks */ = {
			isa = PBXCopyFilesBuildPhase;
			buildActionMask = 2147483647;
			dstPath = "";
			dstSubfolderSpec = 10;
			files = (
				1E62C7252A1C66E9003C9C5B /* SQLite.framework in Embed Frameworks */,
			);
			name = "Embed Frameworks";
			runOnlyForDeploymentPostprocessing = 0;
		};
/* End PBXCopyFilesBuildPhase section */

/* Begin PBXFileReference section */
		1E2F8F7D2A21CBA100FAFC38 /* EditView.swift */ = {isa = PBXFileReference; lastKnownFileType = sourcecode.swift; path = EditView.swift; sourceTree = "<group>"; };
		1E2F8F862A21D11600FAFC38 /* PrivacyView.swift */ = {isa = PBXFileReference; lastKnownFileType = sourcecode.swift; path = PrivacyView.swift; sourceTree = "<group>"; };
		1E62C6E62A1B5F56003C9C5B /* SportRecord.app */ = {isa = PBXFileReference; explicitFileType = wrapper.application; includeInIndex = 0; path = SportRecord.app; sourceTree = BUILT_PRODUCTS_DIR; };
		1E62C6E92A1B5F56003C9C5B /* SportRecordApp.swift */ = {isa = PBXFileReference; lastKnownFileType = sourcecode.swift; path = SportRecordApp.swift; sourceTree = "<group>"; };
		1E62C6EB2A1B5F56003C9C5B /* ContentView.swift */ = {isa = PBXFileReference; lastKnownFileType = sourcecode.swift; path = ContentView.swift; sourceTree = "<group>"; };
		1E62C6ED2A1B5F58003C9C5B /* Assets.xcassets */ = {isa = PBXFileReference; lastKnownFileType = folder.assetcatalog; path = Assets.xcassets; sourceTree = "<group>"; };
		1E62C6F02A1B5F58003C9C5B /* Preview Assets.xcassets */ = {isa = PBXFileReference; lastKnownFileType = folder.assetcatalog; path = "Preview Assets.xcassets"; sourceTree = "<group>"; };
		1E62C6F82A1B613B003C9C5B /* RecordView.swift */ = {isa = PBXFileReference; lastKnownFileType = sourcecode.swift; path = RecordView.swift; sourceTree = "<group>"; };
		1E62C6FA2A1B63EB003C9C5B /* UserSettings.swift */ = {isa = PBXFileReference; lastKnownFileType = sourcecode.swift; path = UserSettings.swift; sourceTree = "<group>"; };
		1E62C6FE2A1B65A0003C9C5B /* LoginView.swift */ = {isa = PBXFileReference; lastKnownFileType = sourcecode.swift; path = LoginView.swift; sourceTree = "<group>"; };
		1E62C7012A1B6772003C9C5B /* Modifier.swift */ = {isa = PBXFileReference; lastKnownFileType = sourcecode.swift; path = Modifier.swift; sourceTree = "<group>"; };
		1E62C7032A1B677B003C9C5B /* Style.swift */ = {isa = PBXFileReference; lastKnownFileType = sourcecode.swift; path = Style.swift; sourceTree = "<group>"; };
		1E62C7052A1B6CD9003C9C5B /* RegisterView.swift */ = {isa = PBXFileReference; lastKnownFileType = sourcecode.swift; path = RegisterView.swift; sourceTree = "<group>"; };
		1E62C7092A1C63B2003C9C5B /* DBService.swift */ = {isa = PBXFileReference; lastKnownFileType = sourcecode.swift; path = DBService.swift; sourceTree = "<group>"; };
		1E62C70B2A1C66C7003C9C5B /* SQLite.xcodeproj */ = {isa = PBXFileReference; lastKnownFileType = "wrapper.pb-project"; name = SQLite.xcodeproj; path = "../../../../../Downloads/SQLite.swift-0.14.1/SQLite.xcodeproj"; sourceTree = "<group>"; };
		1E62C7272A1D2D2A003C9C5B /* Modal.swift */ = {isa = PBXFileReference; lastKnownFileType = sourcecode.swift; path = Modal.swift; sourceTree = "<group>"; };
		1E62C7292A1DF9FE003C9C5B /* StatsView.swift */ = {isa = PBXFileReference; lastKnownFileType = sourcecode.swift; path = StatsView.swift; sourceTree = "<group>"; };
		1E62C72B2A1E7691003C9C5B /* RecordDetailView.swift */ = {isa = PBXFileReference; lastKnownFileType = sourcecode.swift; path = RecordDetailView.swift; sourceTree = "<group>"; };
		1E62C72D2A1E7A43003C9C5B /* AccountView.swift */ = {isa = PBXFileReference; lastKnownFileType = sourcecode.swift; path = AccountView.swift; sourceTree = "<group>"; };
/* End PBXFileReference section */

/* Begin PBXFrameworksBuildPhase section */
		1E62C6E32A1B5F56003C9C5B /* Frameworks */ = {
			isa = PBXFrameworksBuildPhase;
			buildActionMask = 2147483647;
			files = (
				1E62C7242A1C66E9003C9C5B /* SQLite.framework in Frameworks */,
			);
			runOnlyForDeploymentPostprocessing = 0;
		};
/* End PBXFrameworksBuildPhase section */

/* Begin PBXGroup section */
		1E62C6DD2A1B5F56003C9C5B = {
			isa = PBXGroup;
			children = (
				1E62C6E82A1B5F56003C9C5B /* SportRecord */,
				1E62C6E72A1B5F56003C9C5B /* Products */,
				1E62C7232A1C66E9003C9C5B /* Frameworks */,
			);
			sourceTree = "<group>";
		};
		1E62C6E72A1B5F56003C9C5B /* Products */ = {
			isa = PBXGroup;
			children = (
				1E62C6E62A1B5F56003C9C5B /* SportRecord.app */,
			);
			name = Products;
			sourceTree = "<group>";
		};
		1E62C6E82A1B5F56003C9C5B /* SportRecord */ = {
			isa = PBXGroup;
			children = (
				1E62C7002A1B6757003C9C5B /* Style */,
				1E62C6F72A1B6128003C9C5B /* Main */,
				1E62C6E92A1B5F56003C9C5B /* SportRecordApp.swift */,
				1E62C6EB2A1B5F56003C9C5B /* ContentView.swift */,
				1E62C6ED2A1B5F58003C9C5B /* Assets.xcassets */,
				1E62C6EF2A1B5F58003C9C5B /* Preview Content */,
				1E62C6FA2A1B63EB003C9C5B /* UserSettings.swift */,
				1E62C7092A1C63B2003C9C5B /* DBService.swift */,
				1E62C70B2A1C66C7003C9C5B /* SQLite.xcodeproj */,
				1E62C7272A1D2D2A003C9C5B /* Modal.swift */,
			);
			path = SportRecord;
			sourceTree = "<group>";
		};
		1E62C6EF2A1B5F58003C9C5B /* Preview Content */ = {
			isa = PBXGroup;
			children = (
				1E62C6F02A1B5F58003C9C5B /* Preview Assets.xcassets */,
			);
			path = "Preview Content";
			sourceTree = "<group>";
		};
		1E62C6F72A1B6128003C9C5B /* Main */ = {
			isa = PBXGroup;
			children = (
				1E62C6F82A1B613B003C9C5B /* RecordView.swift */,
				1E62C6FE2A1B65A0003C9C5B /* LoginView.swift */,
				1E62C7052A1B6CD9003C9C5B /* RegisterView.swift */,
				1E62C7292A1DF9FE003C9C5B /* StatsView.swift */,
				1E62C72B2A1E7691003C9C5B /* RecordDetailView.swift */,
				1E62C72D2A1E7A43003C9C5B /* AccountView.swift */,
				1E2F8F7D2A21CBA100FAFC38 /* EditView.swift */,
				1E2F8F862A21D11600FAFC38 /* PrivacyView.swift */,
			);
			path = Main;
			sourceTree = "<group>";
		};
		1E62C7002A1B6757003C9C5B /* Style */ = {
			isa = PBXGroup;
			children = (
				1E62C7012A1B6772003C9C5B /* Modifier.swift */,
				1E62C7032A1B677B003C9C5B /* Style.swift */,
			);
			path = Style;
			sourceTree = "<group>";
		};
		1E62C70C2A1C66C7003C9C5B /* Products */ = {
			isa = PBXGroup;
			children = (
				1E62C7162A1C66C7003C9C5B /* SQLite.framework */,
				1E62C7182A1C66C7003C9C5B /* SQLiteTests iOS.xctest */,
				1E62C71A2A1C66C7003C9C5B /* SQLite.framework */,
				1E62C71C2A1C66C7003C9C5B /* SQLiteTests Mac.xctest */,
				1E62C71E2A1C66C7003C9C5B /* SQLite.framework */,
				1E62C7202A1C66C7003C9C5B /* SQLiteTests tvOS.xctest */,
				1E62C7222A1C66C7003C9C5B /* SQLite.framework */,
			);
			name = Products;
			sourceTree = "<group>";
		};
		1E62C7232A1C66E9003C9C5B /* Frameworks */ = {
			isa = PBXGroup;
			children = (
			);
			name = Frameworks;
			sourceTree = "<group>";
		};
/* End PBXGroup section */

/* Begin PBXNativeTarget section */
		1E62C6E52A1B5F56003C9C5B /* SportRecord */ = {
			isa = PBXNativeTarget;
			buildConfigurationList = 1E62C6F42A1B5F58003C9C5B /* Build configuration list for PBXNativeTarget "SportRecord" */;
			buildPhases = (
				1E62C6E22A1B5F56003C9C5B /* Sources */,
				1E62C6E32A1B5F56003C9C5B /* Frameworks */,
				1E62C6E42A1B5F56003C9C5B /* Resources */,
				1E62C7262A1C66E9003C9C5B /* Embed Frameworks */,
			);
			buildRules = (
			);
			dependencies = (
			);
			name = SportRecord;
			productName = SportRecord;
			productReference = 1E62C6E62A1B5F56003C9C5B /* SportRecord.app */;
			productType = "com.apple.product-type.application";
		};
/* End PBXNativeTarget section */

/* Begin PBXProject section */
		1E62C6DE2A1B5F56003C9C5B /* Project object */ = {
			isa = PBXProject;
			attributes = {
				BuildIndependentTargetsInParallel = 1;
				LastSwiftUpdateCheck = 1400;
				LastUpgradeCheck = 1400;
				TargetAttributes = {
					1E62C6E52A1B5F56003C9C5B = {
						CreatedOnToolsVersion = 14.0.1;
					};
				};
			};
			buildConfigurationList = 1E62C6E12A1B5F56003C9C5B /* Build configuration list for PBXProject "SportRecord" */;
			compatibilityVersion = "Xcode 14.0";
			developmentRegion = en;
			hasScannedForEncodings = 0;
			knownRegions = (
				en,
				Base,
			);
			mainGroup = 1E62C6DD2A1B5F56003C9C5B;
			productRefGroup = 1E62C6E72A1B5F56003C9C5B /* Products */;
			projectDirPath = "";
			projectReferences = (
				{
					ProductGroup = 1E62C70C2A1C66C7003C9C5B /* Products */;
					ProjectRef = 1E62C70B2A1C66C7003C9C5B /* SQLite.xcodeproj */;
				},
			);
			projectRoot = "";
			targets = (
				1E62C6E52A1B5F56003C9C5B /* SportRecord */,
			);
		};
/* End PBXProject section */

/* Begin PBXReferenceProxy section */
		1E62C7162A1C66C7003C9C5B /* SQLite.framework */ = {
			isa = PBXReferenceProxy;
			fileType = wrapper.framework;
			path = SQLite.framework;
			remoteRef = 1E62C7152A1C66C7003C9C5B /* PBXContainerItemProxy */;
			sourceTree = BUILT_PRODUCTS_DIR;
		};
		1E62C7182A1C66C7003C9C5B /* SQLiteTests iOS.xctest */ = {
			isa = PBXReferenceProxy;
			fileType = wrapper.cfbundle;
			path = "SQLiteTests iOS.xctest";
			remoteRef = 1E62C7172A1C66C7003C9C5B /* PBXContainerItemProxy */;
			sourceTree = BUILT_PRODUCTS_DIR;
		};
		1E62C71A2A1C66C7003C9C5B /* SQLite.framework */ = {
			isa = PBXReferenceProxy;
			fileType = wrapper.framework;
			path = SQLite.framework;
			remoteRef = 1E62C7192A1C66C7003C9C5B /* PBXContainerItemProxy */;
			sourceTree = BUILT_PRODUCTS_DIR;
		};
		1E62C71C2A1C66C7003C9C5B /* SQLiteTests Mac.xctest */ = {
			isa = PBXReferenceProxy;
			fileType = wrapper.cfbundle;
			path = "SQLiteTests Mac.xctest";
			remoteRef = 1E62C71B2A1C66C7003C9C5B /* PBXContainerItemProxy */;
			sourceTree = BUILT_PRODUCTS_DIR;
		};
		1E62C71E2A1C66C7003C9C5B /* SQLite.framework */ = {
			isa = PBXReferenceProxy;
			fileType = wrapper.framework;
			path = SQLite.framework;
			remoteRef = 1E62C71D2A1C66C7003C9C5B /* PBXContainerItemProxy */;
			sourceTree = BUILT_PRODUCTS_DIR;
		};
		1E62C7202A1C66C7003C9C5B /* SQLiteTests tvOS.xctest */ = {
			isa = PBXReferenceProxy;
			fileType = wrapper.cfbundle;
			path = "SQLiteTests tvOS.xctest";
			remoteRef = 1E62C71F2A1C66C7003C9C5B /* PBXContainerItemProxy */;
			sourceTree = BUILT_PRODUCTS_DIR;
		};
		1E62C7222A1C66C7003C9C5B /* SQLite.framework */ = {
			isa = PBXReferenceProxy;
			fileType = wrapper.framework;
			path = SQLite.framework;
			remoteRef = 1E62C7212A1C66C7003C9C5B /* PBXContainerItemProxy */;
			sourceTree = BUILT_PRODUCTS_DIR;
		};
/* End PBXReferenceProxy section */

/* Begin PBXResourcesBuildPhase section */
		1E62C6E42A1B5F56003C9C5B /* Resources */ = {
			isa = PBXResourcesBuildPhase;
			buildActionMask = 2147483647;
			files = (
				1E62C6F12A1B5F58003C9C5B /* Preview Assets.xcassets in Resources */,
				1E62C6EE2A1B5F58003C9C5B /* Assets.xcassets in Resources */,
			);
			runOnlyForDeploymentPostprocessing = 0;
		};
/* End PBXResourcesBuildPhase section */

/* Begin PBXSourcesBuildPhase section */
		1E62C6E22A1B5F56003C9C5B /* Sources */ = {
			isa = PBXSourcesBuildPhase;
			buildActionMask = 2147483647;
			files = (
				1E62C72A2A1DF9FE003C9C5B /* StatsView.swift in Sources */,
				1E62C6EC2A1B5F56003C9C5B /* ContentView.swift in Sources */,
				1E62C72C2A1E7691003C9C5B /* RecordDetailView.swift in Sources */,
				1E62C7282A1D2D2A003C9C5B /* Modal.swift in Sources */,
				1E2F8F7E2A21CBA100FAFC38 /* EditView.swift in Sources */,
				1E62C6FB2A1B63EB003C9C5B /* UserSettings.swift in Sources */,
				1E62C7022A1B6772003C9C5B /* Modifier.swift in Sources */,
				1E62C6F92A1B613B003C9C5B /* RecordView.swift in Sources */,
				1E62C6FF2A1B65A0003C9C5B /* LoginView.swift in Sources */,
				1E62C7062A1B6CD9003C9C5B /* RegisterView.swift in Sources */,
				1E62C7042A1B677B003C9C5B /* Style.swift in Sources */,
				1E62C6EA2A1B5F56003C9C5B /* SportRecordApp.swift in Sources */,
				1E62C72E2A1E7A43003C9C5B /* AccountView.swift in Sources */,
				1E62C70A2A1C63B2003C9C5B /* DBService.swift in Sources */,
				1E2F8F872A21D11600FAFC38 /* PrivacyView.swift in Sources */,
			);
			runOnlyForDeploymentPostprocessing = 0;
		};
/* End PBXSourcesBuildPhase section */

/* Begin XCBuildConfiguration section */
		1E62C6F22A1B5F58003C9C5B /* Debug */ = {
			isa = XCBuildConfiguration;
			buildSettings = {
				ALWAYS_SEARCH_USER_PATHS = NO;
				CLANG_ANALYZER_NONNULL = YES;
				CLANG_ANALYZER_NUMBER_OBJECT_CONVERSION = YES_AGGRESSIVE;
				CLANG_CXX_LANGUAGE_STANDARD = "gnu++20";
				CLANG_ENABLE_MODULES = YES;
				CLANG_ENABLE_OBJC_ARC = YES;
				CLANG_ENABLE_OBJC_WEAK = YES;
				CLANG_WARN_BLOCK_CAPTURE_AUTORELEASING = YES;
				CLANG_WARN_BOOL_CONVERSION = YES;
				CLANG_WARN_COMMA = YES;
				CLANG_WARN_CONSTANT_CONVERSION = YES;
				CLANG_WARN_DEPRECATED_OBJC_IMPLEMENTATIONS = YES;
				CLANG_WARN_DIRECT_OBJC_ISA_USAGE = YES_ERROR;
				CLANG_WARN_DOCUMENTATION_COMMENTS = YES;
				CLANG_WARN_EMPTY_BODY = YES;
				CLANG_WARN_ENUM_CONVERSION = YES;
				CLANG_WARN_INFINITE_RECURSION = YES;
				CLANG_WARN_INT_CONVERSION = YES;
				CLANG_WARN_NON_LITERAL_NULL_CONVERSION = YES;
				CLANG_WARN_OBJC_IMPLICIT_RETAIN_SELF = YES;
				CLANG_WARN_OBJC_LITERAL_CONVERSION = YES;
				CLANG_WARN_OBJC_ROOT_CLASS = YES_ERROR;
				CLANG_WARN_QUOTED_INCLUDE_IN_FRAMEWORK_HEADER = YES;
				CLANG_WARN_RANGE_LOOP_ANALYSIS = YES;
				CLANG_WARN_STRICT_PROTOTYPES = YES;
				CLANG_WARN_SUSPICIOUS_MOVE = YES;
				CLANG_WARN_UNGUARDED_AVAILABILITY = YES_AGGRESSIVE;
				CLANG_WARN_UNREACHABLE_CODE = YES;
				CLANG_WARN__DUPLICATE_METHOD_MATCH = YES;
				COPY_PHASE_STRIP = NO;
				DEBUG_INFORMATION_FORMAT = dwarf;
				ENABLE_STRICT_OBJC_MSGSEND = YES;
				ENABLE_TESTABILITY = YES;
				GCC_C_LANGUAGE_STANDARD = gnu11;
				GCC_DYNAMIC_NO_PIC = NO;
				GCC_NO_COMMON_BLOCKS = YES;
				GCC_OPTIMIZATION_LEVEL = 0;
				GCC_PREPROCESSOR_DEFINITIONS = (
					"DEBUG=1",
					"$(inherited)",
				);
				GCC_WARN_64_TO_32_BIT_CONVERSION = YES;
				GCC_WARN_ABOUT_RETURN_TYPE = YES_ERROR;
				GCC_WARN_UNDECLARED_SELECTOR = YES;
				GCC_WARN_UNINITIALIZED_AUTOS = YES_AGGRESSIVE;
				GCC_WARN_UNUSED_FUNCTION = YES;
				GCC_WARN_UNUSED_VARIABLE = YES;
				IPHONEOS_DEPLOYMENT_TARGET = 16.0;
				MTL_ENABLE_DEBUG_INFO = INCLUDE_SOURCE;
				MTL_FAST_MATH = YES;
				ONLY_ACTIVE_ARCH = YES;
				SDKROOT = iphoneos;
				SWIFT_ACTIVE_COMPILATION_CONDITIONS = DEBUG;
				SWIFT_OPTIMIZATION_LEVEL = "-Onone";
			};
			name = Debug;
		};
		1E62C6F32A1B5F58003C9C5B /* Release */ = {
			isa = XCBuildConfiguration;
			buildSettings = {
				ALWAYS_SEARCH_USER_PATHS = NO;
				CLANG_ANALYZER_NONNULL = YES;
				CLANG_ANALYZER_NUMBER_OBJECT_CONVERSION = YES_AGGRESSIVE;
				CLANG_CXX_LANGUAGE_STANDARD = "gnu++20";
				CLANG_ENABLE_MODULES = YES;
				CLANG_ENABLE_OBJC_ARC = YES;
				CLANG_ENABLE_OBJC_WEAK = YES;
				CLANG_WARN_BLOCK_CAPTURE_AUTORELEASING = YES;
				CLANG_WARN_BOOL_CONVERSION = YES;
				CLANG_WARN_COMMA = YES;
				CLANG_WARN_CONSTANT_CONVERSION = YES;
				CLANG_WARN_DEPRECATED_OBJC_IMPLEMENTATIONS = YES;
				CLANG_WARN_DIRECT_OBJC_ISA_USAGE = YES_ERROR;
				CLANG_WARN_DOCUMENTATION_COMMENTS = YES;
				CLANG_WARN_EMPTY_BODY = YES;
				CLANG_WARN_ENUM_CONVERSION = YES;
				CLANG_WARN_INFINITE_RECURSION = YES;
				CLANG_WARN_INT_CONVERSION = YES;
				CLANG_WARN_NON_LITERAL_NULL_CONVERSION = YES;
				CLANG_WARN_OBJC_IMPLICIT_RETAIN_SELF = YES;
				CLANG_WARN_OBJC_LITERAL_CONVERSION = YES;
				CLANG_WARN_OBJC_ROOT_CLASS = YES_ERROR;
				CLANG_WARN_QUOTED_INCLUDE_IN_FRAMEWORK_HEADER = YES;
				CLANG_WARN_RANGE_LOOP_ANALYSIS = YES;
				CLANG_WARN_STRICT_PROTOTYPES = YES;
				CLANG_WARN_SUSPICIOUS_MOVE = YES;
				CLANG_WARN_UNGUARDED_AVAILABILITY = YES_AGGRESSIVE;
				CLANG_WARN_UNREACHABLE_CODE = YES;
				CLANG_WARN__DUPLICATE_METHOD_MATCH = YES;
				COPY_PHASE_STRIP = NO;
				DEBUG_INFORMATION_FORMAT = "dwarf-with-dsym";
				ENABLE_NS_ASSERTIONS = NO;
				ENABLE_STRICT_OBJC_MSGSEND = YES;
				GCC_C_LANGUAGE_STANDARD = gnu11;
				GCC_NO_COMMON_BLOCKS = YES;
				GCC_WARN_64_TO_32_BIT_CONVERSION = YES;
				GCC_WARN_ABOUT_RETURN_TYPE = YES_ERROR;
				GCC_WARN_UNDECLARED_SELECTOR = YES;
				GCC_WARN_UNINITIALIZED_AUTOS = YES_AGGRESSIVE;
				GCC_WARN_UNUSED_FUNCTION = YES;
				GCC_WARN_UNUSED_VARIABLE = YES;
				IPHONEOS_DEPLOYMENT_TARGET = 16.0;
				MTL_ENABLE_DEBUG_INFO = NO;
				MTL_FAST_MATH = YES;
				SDKROOT = iphoneos;
				SWIFT_COMPILATION_MODE = wholemodule;
				SWIFT_OPTIMIZATION_LEVEL = "-O";
				VALIDATE_PRODUCT = YES;
			};
			name = Release;
		};
		1E62C6F52A1B5F58003C9C5B /* Debug */ = {
			isa = XCBuildConfiguration;
			buildSettings = {
				ASSETCATALOG_COMPILER_APPICON_NAME = AppIcon;
				ASSETCATALOG_COMPILER_GLOBAL_ACCENT_COLOR_NAME = AccentColor;
				CODE_SIGN_STYLE = Automatic;
				CURRENT_PROJECT_VERSION = 1;
				DEVELOPMENT_ASSET_PATHS = "\"SportRecord/Preview Content\"";
				DEVELOPMENT_TEAM = 7LT7V99A72;
				ENABLE_PREVIEWS = YES;
				GENERATE_INFOPLIST_FILE = YES;
				INFOPLIST_KEY_UIApplicationSceneManifest_Generation = YES;
				INFOPLIST_KEY_UIApplicationSupportsIndirectInputEvents = YES;
				INFOPLIST_KEY_UILaunchScreen_Generation = YES;
				INFOPLIST_KEY_UISupportedInterfaceOrientations_iPad = "UIInterfaceOrientationPortrait UIInterfaceOrientationPortraitUpsideDown UIInterfaceOrientationLandscapeLeft UIInterfaceOrientationLandscapeRight";
				INFOPLIST_KEY_UISupportedInterfaceOrientations_iPhone = "UIInterfaceOrientationPortrait UIInterfaceOrientationLandscapeLeft UIInterfaceOrientationLandscapeRight";
				LD_RUNPATH_SEARCH_PATHS = (
					"$(inherited)",
					"@executable_path/Frameworks",
				);
				MARKETING_VERSION = 1.0;
				PRODUCT_BUNDLE_IDENTIFIER = me.SZhang.SportRecord;
				PRODUCT_NAME = "$(TARGET_NAME)";
				SWIFT_EMIT_LOC_STRINGS = YES;
				SWIFT_VERSION = 5.0;
				TARGETED_DEVICE_FAMILY = "1,2";
			};
			name = Debug;
		};
		1E62C6F62A1B5F58003C9C5B /* Release */ = {
			isa = XCBuildConfiguration;
			buildSettings = {
				ASSETCATALOG_COMPILER_APPICON_NAME = AppIcon;
				ASSETCATALOG_COMPILER_GLOBAL_ACCENT_COLOR_NAME = AccentColor;
				CODE_SIGN_STYLE = Automatic;
				CURRENT_PROJECT_VERSION = 1;
				DEVELOPMENT_ASSET_PATHS = "\"SportRecord/Preview Content\"";
				DEVELOPMENT_TEAM = 7LT7V99A72;
				ENABLE_PREVIEWS = YES;
				GENERATE_INFOPLIST_FILE = YES;
				INFOPLIST_KEY_UIApplicationSceneManifest_Generation = YES;
				INFOPLIST_KEY_UIApplicationSupportsIndirectInputEvents = YES;
				INFOPLIST_KEY_UILaunchScreen_Generation = YES;
				INFOPLIST_KEY_UISupportedInterfaceOrientations_iPad = "UIInterfaceOrientationPortrait UIInterfaceOrientationPortraitUpsideDown UIInterfaceOrientationLandscapeLeft UIInterfaceOrientationLandscapeRight";
				INFOPLIST_KEY_UISupportedInterfaceOrientations_iPhone = "UIInterfaceOrientationPortrait UIInterfaceOrientationLandscapeLeft UIInterfaceOrientationLandscapeRight";
				LD_RUNPATH_SEARCH_PATHS = (
					"$(inherited)",
					"@executable_path/Frameworks",
				);
				MARKETING_VERSION = 1.0;
				PRODUCT_BUNDLE_IDENTIFIER = me.SZhang.SportRecord;
				PRODUCT_NAME = "$(TARGET_NAME)";
				SWIFT_EMIT_LOC_STRINGS = YES;
				SWIFT_VERSION = 5.0;
				TARGETED_DEVICE_FAMILY = "1,2";
			};
			name = Release;
		};
/* End XCBuildConfiguration section */

/* Begin XCConfigurationList section */
		1E62C6E12A1B5F56003C9C5B /* Build configuration list for PBXProject "SportRecord" */ = {
			isa = XCConfigurationList;
			buildConfigurations = (
				1E62C6F22A1B5F58003C9C5B /* Debug */,
				1E62C6F32A1B5F58003C9C5B /* Release */,
			);
			defaultConfigurationIsVisible = 0;
			defaultConfigurationName = Release;
		};
		1E62C6F42A1B5F58003C9C5B /* Build configuration list for PBXNativeTarget "SportRecord" */ = {
			isa = XCConfigurationList;
			buildConfigurations = (
				1E62C6F52A1B5F58003C9C5B /* Debug */,
				1E62C6F62A1B5F58003C9C5B /* Release */,
			);
			defaultConfigurationIsVisible = 0;
			defaultConfigurationName = Release;
		};
/* End XCConfigurationList section */
	};
	rootObject = 1E62C6DE2A1B5F56003C9C5B /* Project object */;
}
